
Microsoft Visual Studio Solution File, Format Version 12.00
# Visual Studio Version 17
VisualStudioVersion = 17.8.34525.116
MinimumVisualStudioVersion = 10.0.40219.1
Project("{2150E333-8FDC-42A3-9474-1A3956D46DE8}") = "Solution Items", "Solution Items", "{DC4ECE48-F970-4848-BE56-B48BA899A1C4}"
	ProjectSection(SolutionItems) = preProject
		.editorconfig = .editorconfig
	EndProjectSection
EndProject
Project("{9A19103F-16F7-4668-BE54-9A1E7A4F7556}") = "Test", "Test\Test.csproj", "{F01F71CD-294A-4516-B198-FC5BA431D655}"
EndProject
Project("{FAE04EC0-301F-11D3-BF4B-00C04F79EFBC}") = "DataAccessProviderConsole", "DataAccessProviderConsole\DataAccessProviderConsole.csproj", "{955B00BF-8243-46F5-B3B2-FBC14A560982}"
EndProject
Project("{FAE04EC0-301F-11D3-BF4B-00C04F79EFBC}") = "DataAccessProvider.Core", "DataAccessProvider.Core\DataAccessProvider.Core.csproj", "{E03AE5D2-994E-4FD2-8E14-8AC317EAB5E3}"
EndProject
Project("{FAE04EC0-301F-11D3-BF4B-00C04F79EFBC}") = "DataAccessProvider.MySql", "DataAccessProvider.MySql\DataAccessProvider.MySql.csproj", "{D48E3294-76D5-4DA4-9E63-914D5CEE5F7C}"
EndProject
Project("{FAE04EC0-301F-11D3-BF4B-00C04F79EFBC}") = "DataAccessProvider.Oracle", "DataAccessProvider.Oracle\DataAccessProvider.Oracle.csproj", "{31849101-1E1D-4DDC-8AEE-1FD9112752C1}"
EndProject
Project("{FAE04EC0-301F-11D3-BF4B-00C04F79EFBC}") = "DataAccessProvider.MSSQL", "DataAccessProvider.MSSQL\DataAccessProvider.MSSQL.csproj", "{7D4A3A29-E854-4585-A268-65C80C0B9507}"
EndProject
Project("{FAE04EC0-301F-11D3-BF4B-00C04F79EFBC}") = "DataAccessProvider.Postgres", "DataAccessProvider.Postgres\DataAccessProvider.Postgres.csproj", "{D9C2AA8B-B68E-4B67-80DF-0F7B5E1E3907}"
EndProject
Project("{FAE04EC0-301F-11D3-BF4B-00C04F79EFBC}") = "DataAccessProvider.MongoDB", "DataAccessProvider.MongoDB\DataAccessProvider.MongoDB.csproj", "{A9692E90-A9EE-417E-A495-B10BAB86A4A5}"
EndProject
Project("{FAE04EC0-301F-11D3-BF4B-00C04F79EFBC}") = "DataAccessProvider.Snowflake", "DataAccessProvider.Snowflake\DataAccessProvider.Snowflake.csproj", "{8F19EFDE-7535-40B8-9235-516ABAC87BB5}"
EndProject
Global
	GlobalSection(SolutionConfigurationPlatforms) = preSolution
		Debug|Any CPU = Debug|Any CPU
		Release|Any CPU = Release|Any CPU
	EndGlobalSection
	GlobalSection(ProjectConfigurationPlatforms) = postSolution
		{F01F71CD-294A-4516-B198-FC5BA431D655}.Debug|Any CPU.ActiveCfg = Debug|Any CPU
		{F01F71CD-294A-4516-B198-FC5BA431D655}.Debug|Any CPU.Build.0 = Debug|Any CPU
		{F01F71CD-294A-4516-B198-FC5BA431D655}.Release|Any CPU.ActiveCfg = Release|Any CPU
		{F01F71CD-294A-4516-B198-FC5BA431D655}.Release|Any CPU.Build.0 = Release|Any CPU
		{955B00BF-8243-46F5-B3B2-FBC14A560982}.Debug|Any CPU.ActiveCfg = Debug|Any CPU
		{955B00BF-8243-46F5-B3B2-FBC14A560982}.Debug|Any CPU.Build.0 = Debug|Any CPU
		{955B00BF-8243-46F5-B3B2-FBC14A560982}.Release|Any CPU.ActiveCfg = Release|Any CPU
		{955B00BF-8243-46F5-B3B2-FBC14A560982}.Release|Any CPU.Build.0 = Release|Any CPU
		{E03AE5D2-994E-4FD2-8E14-8AC317EAB5E3}.Debug|Any CPU.ActiveCfg = Debug|Any CPU
		{E03AE5D2-994E-4FD2-8E14-8AC317EAB5E3}.Debug|Any CPU.Build.0 = Debug|Any CPU
		{E03AE5D2-994E-4FD2-8E14-8AC317EAB5E3}.Release|Any CPU.ActiveCfg = Release|Any CPU
		{E03AE5D2-994E-4FD2-8E14-8AC317EAB5E3}.Release|Any CPU.Build.0 = Release|Any CPU
		{D48E3294-76D5-4DA4-9E63-914D5CEE5F7C}.Debug|Any CPU.ActiveCfg = Debug|Any CPU
		{D48E3294-76D5-4DA4-9E63-914D5CEE5F7C}.Debug|Any CPU.Build.0 = Debug|Any CPU
		{D48E3294-76D5-4DA4-9E63-914D5CEE5F7C}.Release|Any CPU.ActiveCfg = Release|Any CPU
		{D48E3294-76D5-4DA4-9E63-914D5CEE5F7C}.Release|Any CPU.Build.0 = Release|Any CPU
		{31849101-1E1D-4DDC-8AEE-1FD9112752C1}.Debug|Any CPU.ActiveCfg = Debug|Any CPU
		{31849101-1E1D-4DDC-8AEE-1FD9112752C1}.Debug|Any CPU.Build.0 = Debug|Any CPU
		{31849101-1E1D-4DDC-8AEE-1FD9112752C1}.Release|Any CPU.ActiveCfg = Release|Any CPU
		{31849101-1E1D-4DDC-8AEE-1FD9112752C1}.Release|Any CPU.Build.0 = Release|Any CPU
		{7D4A3A29-E854-4585-A268-65C80C0B9507}.Debug|Any CPU.ActiveCfg = Debug|Any CPU
		{7D4A3A29-E854-4585-A268-65C80C0B9507}.Debug|Any CPU.Build.0 = Debug|Any CPU
		{7D4A3A29-E854-4585-A268-65C80C0B9507}.Release|Any CPU.ActiveCfg = Release|Any CPU
		{7D4A3A29-E854-4585-A268-65C80C0B9507}.Release|Any CPU.Build.0 = Release|Any CPU
		{D9C2AA8B-B68E-4B67-80DF-0F7B5E1E3907}.Debug|Any CPU.ActiveCfg = Debug|Any CPU
		{D9C2AA8B-B68E-4B67-80DF-0F7B5E1E3907}.Debug|Any CPU.Build.0 = Debug|Any CPU
		{D9C2AA8B-B68E-4B67-80DF-0F7B5E1E3907}.Release|Any CPU.ActiveCfg = Release|Any CPU
		{D9C2AA8B-B68E-4B67-80DF-0F7B5E1E3907}.Release|Any CPU.Build.0 = Release|Any CPU
		{A9692E90-A9EE-417E-A495-B10BAB86A4A5}.Debug|Any CPU.ActiveCfg = Debug|Any CPU
		{A9692E90-A9EE-417E-A495-B10BAB86A4A5}.Debug|Any CPU.Build.0 = Debug|Any CPU
		{A9692E90-A9EE-417E-A495-B10BAB86A4A5}.Release|Any CPU.ActiveCfg = Release|Any CPU
		{A9692E90-A9EE-417E-A495-B10BAB86A4A5}.Release|Any CPU.Build.0 = Release|Any CPU
		{8F19EFDE-7535-40B8-9235-516ABAC87BB5}.Debug|Any CPU.ActiveCfg = Debug|Any CPU
		{8F19EFDE-7535-40B8-9235-516ABAC87BB5}.Debug|Any CPU.Build.0 = Debug|Any CPU
		{8F19EFDE-7535-40B8-9235-516ABAC87BB5}.Release|Any CPU.ActiveCfg = Release|Any CPU
		{8F19EFDE-7535-40B8-9235-516ABAC87BB5}.Release|Any CPU.Build.0 = Release|Any CPU
	EndGlobalSection
	GlobalSection(SolutionProperties) = preSolution
		HideSolutionNode = FALSE
	EndGlobalSection
	GlobalSection(ExtensibilityGlobals) = postSolution
		SolutionGuid = {97262AE1-4F09-4B41-9A32-9BF7685DEDBC}
	EndGlobalSection
EndGlobal
