{
  "version": 2,
  "dependencies": {
    "net10.0": {
      "AWSSDK.Core": {
        "type": "Direct",
        "requested": "[4.0.3.8, )",
        "resolved": "4.0.3.8",
        "contentHash": "nJyNzaz3pcD8c8hZvtJXuziJm1dkd3/BYmZvhf1TPNfMo3G3lsesGFZl1UVyQhGEfmQOS+efT0H8tf00PMmjug=="
      },
      "Snowflake.Data": {
        "type": "Direct",
        "requested": "[5.3.0, )",
        "resolved": "5.3.0",
        "contentHash": "wFY2OiCKEI6fxLbv9TFFOETw68acfhvAqowsjfgQSRbfUblHAQ6MD1U5r5Xu5IOy9IkQaiz5y8/1naZ7h0+wgA==",
        "dependencies": {
          "AWSSDK.S3": "4.0.4",
          "Apache.Arrow": "14.0.2",
          "Azure.Storage.Blobs": "12.13.0",
          "Azure.Storage.Common": "12.12.0",
          "BouncyCastle.Cryptography": "2.3.1",
          "Google.Cloud.Storage.V1": "4.10.0",
          "Microsoft.Extensions.Logging": "9.0.5",
          "Mono.Unix": "7.1.0-final.1.21458.1",
          "Newtonsoft.Json": "13.0.3",
          "System.IdentityModel.Tokens.Jwt": "6.34.0",
          "Tomlyn.Signed": "0.17.0"
        }
      },
      "Apache.Arrow": {
        "type": "Transitive",
        "resolved": "14.0.2",
        "contentHash": "2xvo9q2ag/Ze7TKSMsZfcQFMk3zZKWcduttJXoYnoevZD2bv+lKnOPeleyxONuR1ZwhZ00D86pPM9TWx2GMY2w=="
      },
      "AWSSDK.S3": {
        "type": "Transitive",
        "resolved": "4.0.4",
        "contentHash": "Xo/s2vef07V3FIuThclCMaM0IbuPRbF0VvtjvIRxnQNfXpAul/kKgrxM+45oFSIqoCYNgD9pVTzhzHixKQ49dg==",
        "dependencies": {
          "AWSSDK.Core": "[4.0.0.14, 5.0.0)"
        }
      },
      "Azure.Core": {
        "type": "Transitive",
        "resolved": "1.25.0",
        "contentHash": "X8Dd4sAggS84KScWIjEbFAdt2U1KDolQopTPoHVubG2y3CM54f9l6asVrP5Uy384NWXjsspPYaJgz5xHc+KvTA==",
        "dependencies": {
          "Microsoft.Bcl.AsyncInterfaces": "1.1.1",
          "System.Memory.Data": "1.0.2"
        }
      },
      "Azure.Storage.Blobs": {
        "type": "Transitive",
        "resolved": "12.13.0",
        "contentHash": "h5ZxRwmS/U1NOFwd+MuHJe4To1hEPu/yeBIKS1cbAHTDc+7RBZEjPf1VFeUZsIIuHvU/AzXtcRaph9BHuPRNMQ==",
        "dependencies": {
          "Azure.Storage.Common": "12.12.0"
        }
      },
      "Azure.Storage.Common": {
        "type": "Transitive",
        "resolved": "12.12.0",
        "contentHash": "Ms0XsZ/D9Pcudfbqj+rWeCkhx/ITEq8isY0jkor9JFmDAEHsItFa2XrWkzP3vmJU6EsXQrk4snH63HkW/Jksvg==",
        "dependencies": {
          "Azure.Core": "1.25.0",
          "System.IO.Hashing": "6.0.0"
        }
      },
      "BouncyCastle.Cryptography": {
        "type": "Transitive",
        "resolved": "2.3.1",
        "contentHash": "buwoISwecYke3CmgG1AQSg+sNZjJeIb93vTAtJiHZX35hP/teYMxsfg0NDXGUKjGx6BKBTNKc77O2M3vKvlXZQ=="
      },
      "Google.Api.Gax": {
        "type": "Transitive",
        "resolved": "4.8.0",
        "contentHash": "xlV8Jq/G5CQAA3PwYAuKGjfzGOP7AvjhREnE6vgZlzxREGYchHudZWa2PWSqFJL+MBtz9YgitLpRogANN3CVvg==",
        "dependencies": {
          "Microsoft.Bcl.AsyncInterfaces": "6.0.0",
          "Newtonsoft.Json": "13.0.3"
        }
      },
      "Google.Api.Gax.Rest": {
        "type": "Transitive",
        "resolved": "4.8.0",
        "contentHash": "zaA5LZ2VvGj/wwIzRB68swr7khi2kWNgqWvsB0fYtScIAl3kGkGtqiBcx63H1YLeKr5xau1866bFjTeReH6FSQ==",
        "dependencies": {
          "Google.Api.Gax": "4.8.0",
          "Google.Apis.Auth": "[1.67.0, 2.0.0)",
          "Microsoft.Extensions.DependencyInjection.Abstractions": "6.0.0"
        }
      },
      "Google.Apis": {
        "type": "Transitive",
        "resolved": "1.67.0",
        "contentHash": "XM8/fViJaB1pN61OdXy5RMZoQEqd3hKlWvA/K431gFSb5XtQ48BynfgrbBkUtFcPbSRa4BdjBHzSbkBh/skyMg==",
        "dependencies": {
          "Google.Apis.Core": "1.67.0"
        }
      },
      "Google.Apis.Auth": {
        "type": "Transitive",
        "resolved": "1.67.0",
        "contentHash": "Bs9BlbZ12Y4NXzMONjpzQhZr9VbwLUTGMHkcQRF36aYnk2fYrmj5HNVNh7PPHDDq1fcEQpCtPic2nSlpYQLKXw==",
        "dependencies": {
          "Google.Apis": "1.67.0",
          "Google.Apis.Core": "1.67.0",
          "System.Management": "7.0.2"
        }
      },
      "Google.Apis.Core": {
        "type": "Transitive",
        "resolved": "1.67.0",
        "contentHash": "IPq0I3B01NYZraPoMl8muELFLg4Vr2sbfyZp4PR2Xe3MAhHkZCiKyV28Yh1L14zIKUb0X0snol1sR5/mx4S6Iw==",
        "dependencies": {
          "Newtonsoft.Json": "13.0.3"
        }
      },
      "Google.Apis.Storage.v1": {
        "type": "Transitive",
        "resolved": "1.67.0.3365",
        "contentHash": "N9Rp8aRUV8Fsjl6uojZeJnzZ/zwtImB+crkPz/HsUtIKcC8rx/ZhNdizNJ5YcNFKiVlvGC60p0K7M+Ywk2xTPQ==",
        "dependencies": {
          "Google.Apis": "1.67.0",
          "Google.Apis.Auth": "1.67.0"
        }
      },
      "Google.Cloud.Storage.V1": {
        "type": "Transitive",
        "resolved": "4.10.0",
        "contentHash": "a4hHQzDkzR/5Fm2gvfKnvuajYwgTJAZ944+8S3gO7S3qxXkXI+rasx8Jz8ldflyq1zHO5MWTyFiHc7+dfmwYhg==",
        "dependencies": {
          "Google.Api.Gax.Rest": "[4.8.0, 5.0.0)",
          "Google.Apis.Storage.v1": "[1.67.0.3365, 2.0.0)"
        }
      },
      "Microsoft.Bcl.AsyncInterfaces": {
        "type": "Transitive",
        "resolved": "6.0.0",
        "contentHash": "UcSjPsst+DfAdJGVDsu346FX0ci0ah+lw3WRtn18NUwEqRt70HaOQ7lI72vy3+1LxtqI3T5GWwV39rQSrCzAeg=="
      },
      "Microsoft.Extensions.Logging": {
        "type": "Transitive",
        "resolved": "9.0.5",
        "contentHash": "rQU61lrgvpE/UgcAd4E56HPxUIkX/VUQCxWmwDTLLVeuwRDYTL0q/FLGfAW17cGTKyCh7ywYAEnY3sTEvURsfg==",
        "dependencies": {
          "Microsoft.Extensions.DependencyInjection": "9.0.5",
          "Microsoft.Extensions.Logging.Abstractions": "9.0.5",
          "Microsoft.Extensions.Options": "9.0.5"
        }
      },
      "Microsoft.Extensions.Logging.Abstractions": {
        "type": "Transitive",
        "resolved": "9.0.5",
        "contentHash": "pP1PADCrIxMYJXxFmTVbAgEU7GVpjK5i0/tyfU9DiE0oXQy3JWQaOVgCkrCiePLgS8b5sghM3Fau3EeHiVWbCg==",
        "dependencies": {
          "Microsoft.Extensions.DependencyInjection.Abstractions": "9.0.5"
        }
      },
      "Microsoft.Extensions.Options": {
        "type": "Transitive",
        "resolved": "9.0.5",
        "contentHash": "vPdJQU8YLOUSSK8NL0RmwcXJr2E0w8xH559PGQl4JYsglgilZr9LZnqV2zdgk+XR05+kuvhBEZKoDVd46o7NqA==",
        "dependencies": {
          "Microsoft.Extensions.DependencyInjection.Abstractions": "9.0.5",
          "Microsoft.Extensions.Primitives": "9.0.5"
        }
      },
      "Microsoft.Extensions.Primitives": {
        "type": "Transitive",
        "resolved": "10.0.1",
        "contentHash": "DO8XrJkp5x4PddDuc/CH37yDBCs9BYN6ijlKyR3vMb55BP1Vwh90vOX8bNfnKxr5B2qEI3D8bvbY1fFbDveDHQ=="
      },
      "Microsoft.IdentityModel.Abstractions": {
        "type": "Transitive",
        "resolved": "6.34.0",
        "contentHash": "5nInt1KKSpKQBlhe6gXz4yKxRzRUQa21vCvSIIKKzAI2e1r9PHQOZc7aRzBA8L/JCvBxLbCxelvUqun6qwWPJg=="
      },
      "Microsoft.IdentityModel.JsonWebTokens": {
        "type": "Transitive",
        "resolved": "6.34.0",
        "contentHash": "CZMom/ZoWcgjxLMxmCmcEkuoA0OA4swN1CGeMBQyxF/hEZgRbWK9EnWVJ9/oMUq3D1+OGJjnbN+W6gFq9kZcEg==",
        "dependencies": {
          "Microsoft.IdentityModel.Tokens": "6.34.0"
        }
      },
      "Microsoft.IdentityModel.Logging": {
        "type": "Transitive",
        "resolved": "6.34.0",
        "contentHash": "E0AbluNkI30/VKa96PxJhhFZDx/NGYIXFrRIRq1N5/V0TToaiuc3hM90QLFszT2BBQefnp/wjm12ilSudmt9bg==",
        "dependencies": {
          "Microsoft.IdentityModel.Abstractions": "6.34.0"
        }
      },
      "Microsoft.IdentityModel.Tokens": {
        "type": "Transitive",
        "resolved": "6.34.0",
        "contentHash": "PEPcGMqbEwEwbpQ6nTld9Nqq6V5BPZSOfk71qXZ7h7DuGuxa13bWvjImhJba5Ko88YvIuZuOBJWFZmjLfwbNXA==",
        "dependencies": {
          "Microsoft.IdentityModel.Logging": "6.34.0"
        }
      },
      "Mono.Unix": {
        "type": "Transitive",
        "resolved": "7.1.0-final.1.21458.1",
        "contentHash": "Rhxz4A7By8Q0wEgDqR+mioDsYXGrcYMYPiWE9bSaUKMpG8yAGArhetEQV5Ms6KhKCLdQTlPYLBKPZYoKbAvT/g=="
      },
      "Newtonsoft.Json": {
        "type": "Transitive",
        "resolved": "13.0.3",
        "contentHash": "HrC5BXdl00IP9zeV+0Z848QWPAoCr9P3bDEZguI+gkLcBKAOxix/tLEAAHC+UvDNPv4a2d18lOReHMOagPa+zQ=="
      },
      "System.CodeDom": {
        "type": "Transitive",
        "resolved": "7.0.0",
        "contentHash": "GLltyqEsE5/3IE+zYRP5sNa1l44qKl9v+bfdMcwg+M9qnQf47wK3H0SUR/T+3N4JEQXF3vV4CSuuo0rsg+nq2A=="
      },
      "System.IdentityModel.Tokens.Jwt": {
        "type": "Transitive",
        "resolved": "6.34.0",
        "contentHash": "c0misfmFT3QxKY+a16PGlj+DtiUzoPaf26m2avyPZaLRc9vlIdLtmovfRY5MqN+y/SEoBSRXrgVaeZGPgFQQ6w==",
        "dependencies": {
          "Microsoft.IdentityModel.JsonWebTokens": "6.34.0",
          "Microsoft.IdentityModel.Tokens": "6.34.0"
        }
      },
      "System.IO.Hashing": {
        "type": "Transitive",
        "resolved": "6.0.0",
        "contentHash": "Rfm2jYCaUeGysFEZjDe7j1R4x6Z6BzumS/vUT5a1AA/AWJuGX71PoGB0RmpyX3VmrGqVnAwtfMn39OHR8Y/5+g=="
      },
      "System.Management": {
        "type": "Transitive",
        "resolved": "7.0.2",
        "contentHash": "/qEUN91mP/MUQmJnM5y5BdT7ZoPuVrtxnFlbJ8a3kBJGhe2wCzBfnPFtK2wTtEEcf3DMGR9J00GZZfg6HRI6yA==",
        "dependencies": {
          "System.CodeDom": "7.0.0"
        }
      },
      "System.Memory.Data": {
        "type": "Transitive",
        "resolved": "1.0.2",
        "contentHash": "JGkzeqgBsiZwKJZ1IxPNsDFZDhUvuEdX8L8BDC8N3KOj+6zMcNU28CNN59TpZE/VJYy9cP+5M+sbxtWJx3/xtw=="
      },
      "Tomlyn.Signed": {
        "type": "Transitive",
        "resolved": "0.17.0",
        "contentHash": "zSItaqXfXlkWYe4xApYrU2rPgHoSlXvU2NyS5jq66bhOyMYuNj48sc8m/guWOt8id1z+cbnHkmEQPpsRWlYoYg=="
      },
      "dataaccessprovider.core": {
        "type": "Project",
        "dependencies": {
          "Microsoft.Extensions.Configuration.Abstractions": "[10.0.1, )",
          "Microsoft.Extensions.Configuration.Binder": "[10.0.1, )",
          "Microsoft.Extensions.DependencyInjection": "[10.0.1, )"
        }
      },
      "Microsoft.Extensions.Configuration": {
        "type": "CentralTransitive",
        "requested": "[10.0.1, )",
        "resolved": "10.0.1",
        "contentHash": "njoRekyMIK+smav8B6KL2YgIfUtlsRNuT7wvurpLW+m/hoRKVnoELk2YxnUnWRGScCd1rukLMxShwLqEOKowDg==",
        "dependencies": {
          "Microsoft.Extensions.Configuration.Abstractions": "10.0.1",
          "Microsoft.Extensions.Primitives": "10.0.1"
        }
      },
      "Microsoft.Extensions.Configuration.Abstractions": {
        "type": "CentralTransitive",
        "requested": "[10.0.1, )",
        "resolved": "10.0.1",
        "contentHash": "kPlU11hql+L9RjrN2N9/0GcRcRcZrNFlLLjadasFWeBORT6pL6OE+RYRk90GGCyVGSxTK+e1/f3dsMj5zpFFiQ==",
        "dependencies": {
          "Microsoft.Extensions.Primitives": "10.0.1"
        }
      },
      "Microsoft.Extensions.Configuration.Binder": {
        "type": "CentralTransitive",
        "requested": "[10.0.1, )",
        "resolved": "10.0.1",
        "contentHash": "Lp4CZIuTVXtlvkAnTq6QvMSW7+H62gX2cU2vdFxHQUxvrWTpi7LwYI3X+YAyIS0r12/p7gaosco7efIxL4yFNw==",
        "dependencies": {
          "Microsoft.Extensions.Configuration": "10.0.1",
          "Microsoft.Extensions.Configuration.Abstractions": "10.0.1"
        }
      },
      "Microsoft.Extensions.DependencyInjection": {
        "type": "CentralTransitive",
        "requested": "[10.0.1, )",
        "resolved": "10.0.1",
        "contentHash": "zerXV0GAR9LCSXoSIApbWn+Dq1/T+6vbXMHGduq1LoVQRHT0BXsGQEau0jeLUBUcsoF/NaUT8ADPu8b+eNcIyg==",
        "dependencies": {
          "Microsoft.Extensions.DependencyInjection.Abstractions": "10.0.1"
        }
      },
      "Microsoft.Extensions.DependencyInjection.Abstractions": {
        "type": "CentralTransitive",
        "requested": "[10.0.1, )",
        "resolved": "10.0.1",
        "contentHash": "oIy8fQxxbUsSrrOvgBqlVgOeCtDmrcynnTG+FQufcUWBrwyPfwlUkCDB2vaiBeYPyT+20u9/HeuHeBf+H4F/8g=="
      }
    }
  }
}